
Microsoft Visual Studio Solution File, Format Version 12.00
# Visual Studio Version 16
VisualStudioVersion = 16.0.31702.278
MinimumVisualStudioVersion = 10.0.40219.1
Project("{FAE04EC0-301F-11D3-BF4B-00C04F79EFBC}") = "CSharpMortgageCalc", "CSharpMortgageCalc\CSharpMortgageCalc.csproj", "{6E9FB029-AA3D-426C-AD7F-E46058499E3E}"
EndProject
Global
	GlobalSection(SolutionConfigurationPlatforms) = preSolution
		Debug|Any CPU = Debug|Any CPU
		Release|Any CPU = Release|Any CPU
	EndGlobalSection
	GlobalSection(ProjectConfigurationPlatforms) = postSolution
		{6E9FB029-AA3D-426C-AD7F-E46058499E3E}.Debug|Any CPU.ActiveCfg = Debug|Any CPU
		{6E9FB029-AA3D-426C-AD7F-E46058499E3E}.Debug|Any CPU.Build.0 = Debug|Any CPU
		{6E9FB029-AA3D-426C-AD7F-E46058499E3E}.Release|Any CPU.ActiveCfg = Release|Any CPU
		{6E9FB029-AA3D-426C-AD7F-E46058499E3E}.Release|Any CPU.Build.0 = Release|Any CPU
	EndGlobalSection
	GlobalSection(SolutionProperties) = preSolution
		HideSolutionNode = FALSE
	EndGlobalSection
	GlobalSection(ExtensibilityGlobals) = postSolution
		SolutionGuid = {3095E6B7-C039-4583-B3B9-40404E1CADB7}
	EndGlobalSection
EndGlobal
